{
  "name": "@homeserver-js/device-daylight",
  "version": "0.2.2",
  "lockfileVersion": 2,
  "requires": true,
  "packages": {
    "": {
      "name": "@homeserver-js/device-daylight",
      "version": "0.2.2",
      "license": "MIT",
      "dependencies": {
        "@homeserver-js/device-js": "file:../device-js",
        "debug": "^4.3.2"
      },
      "devDependencies": {
        "@types/node": "^18.0.2"
      }
    },
    "../device-js": {
      "version": "0.2.2",
      "license": "MIT",
      "dependencies": {
        "@homeserver-js/core": "file:../core",
        "@homeserver-js/tranceiver-core": "file:../tranceiver-core",
        "@homeserver-js/tranceiver-js": "file:../tranceiver-js",
        "cron": "^1.8.2",
        "debug": "^4.3.2",
        "uuid": "^3.4.0"
      },
      "devDependencies": {
        "@types/node": "^18.0.2"
      }
    },
    "node_modules/@homeserver-js/device-js": {
      "resolved": "../device-js",
      "link": true
    },
    "node_modules/@types/node": {
      "version": "18.0.2",
      "resolved": "https://registry.npmjs.org/@types/node/-/node-18.0.2.tgz",
      "integrity": "sha512-b947SdS4GH+g2W33wf5FzUu1KLj5FcSIiNWbU1ZyMvt/X7w48ZsVcsQoirIgE/Oq03WT5Qbn/dkY0hePi4ZXcQ==",
      "dev": true
    },
    "node_modules/debug": {
      "version": "4.3.2",
      "resolved": "https://registry.npmjs.org/debug/-/debug-4.3.2.tgz",
      "integrity": "sha512-mOp8wKcvj7XxC78zLgw/ZA+6TSgkoE2C/ienthhRD298T7UNwAg9diBpLRxC0mOezLl4B0xV7M0cCO6P/O0Xhw==",
      "dependencies": {
        "ms": "2.1.2"
      },
      "engines": {
        "node": ">=6.0"
      },
      "peerDependenciesMeta": {
        "supports-color": {
          "optional": true
        }
      }
    },
    "node_modules/ms": {
      "version": "2.1.2",
      "resolved": "https://registry.npmjs.org/ms/-/ms-2.1.2.tgz",
      "integrity": "sha512-sGkPx+VjMtmA6MX27oA4FBFELFCZZ4S4XqeGOXCv68tT+jb3vk/RyaKWP0PTKyWtmLSM0b+adUTEvbs1PEaH2w=="
    }
  },
  "dependencies": {
    "@homeserver-js/device-js": {
      "version": "file:../device-js",
      "requires": {
        "@homeserver-js/core": "file:../core",
        "@homeserver-js/tranceiver-core": "file:../tranceiver-core",
        "@homeserver-js/tranceiver-js": "file:../tranceiver-js",
        "@types/node": "^18.0.2",
        "cron": "^1.8.2",
        "debug": "^4.3.2",
        "uuid": "^3.4.0"
      }
    },
    "@types/node": {
      "version": "18.0.2",
      "resolved": "https://registry.npmjs.org/@types/node/-/node-18.0.2.tgz",
      "integrity": "sha512-b947SdS4GH+g2W33wf5FzUu1KLj5FcSIiNWbU1ZyMvt/X7w48ZsVcsQoirIgE/Oq03WT5Qbn/dkY0hePi4ZXcQ==",
      "dev": true
    },
    "debug": {
      "version": "4.3.2",
      "resolved": "https://registry.npmjs.org/debug/-/debug-4.3.2.tgz",
      "integrity": "sha512-mOp8wKcvj7XxC78zLgw/ZA+6TSgkoE2C/ienthhRD298T7UNwAg9diBpLRxC0mOezLl4B0xV7M0cCO6P/O0Xhw==",
      "requires": {
        "ms": "2.1.2"
      }
    },
    "ms": {
      "version": "2.1.2",
      "resolved": "https://registry.npmjs.org/ms/-/ms-2.1.2.tgz",
      "integrity": "sha512-sGkPx+VjMtmA6MX27oA4FBFELFCZZ4S4XqeGOXCv68tT+jb3vk/RyaKWP0PTKyWtmLSM0b+adUTEvbs1PEaH2w=="
    }
  }
}
